
Microsoft Visual Studio Solution File, Format Version 12.00
# Visual Studio Version 17
VisualStudioVersion = 17.7.34031.279
MinimumVisualStudioVersion = 10.0.40219.1
Project("{FAE04EC0-301F-11D3-BF4B-00C04F79EFBC}") = "16.12", "16.12\16.12.csproj", "{84DEFE21-82C7-475C-9273-42D31299B2CC}"
EndProject
Global
	GlobalSection(SolutionConfigurationPlatforms) = preSolution
		Debug|Any CPU = Debug|Any CPU
		Release|Any CPU = Release|Any CPU
	EndGlobalSection
	GlobalSection(ProjectConfigurationPlatforms) = postSolution
		{84DEFE21-82C7-475C-9273-42D31299B2CC}.Debug|Any CPU.ActiveCfg = Debug|Any CPU
		{84DEFE21-82C7-475C-9273-42D31299B2CC}.Debug|Any CPU.Build.0 = Debug|Any CPU
		{84DEFE21-82C7-475C-9273-42D31299B2CC}.Release|Any CPU.ActiveCfg = Release|Any CPU
		{84DEFE21-82C7-475C-9273-42D31299B2CC}.Release|Any CPU.Build.0 = Release|Any CPU
	EndGlobalSection
	GlobalSection(SolutionProperties) = preSolution
		HideSolutionNode = FALSE
	EndGlobalSection
	GlobalSection(ExtensibilityGlobals) = postSolution
		SolutionGuid = {5CED981B-F1DE-491C-9A28-303DFCBE94F5}
	EndGlobalSection
EndGlobal
